// !$*UTF8*$!
{
	archiveVersion = 1;
	classes = {
	};
	objectVersion = 50;
	objects = {

/* Begin PBXBuildFile section */
		613FCBA32428DDCB004ACC9D /* CLLocation+JXCalculation.m in Sources */ = {isa = PBXBuildFile; fileRef = 613FCB9F2428DDCB004ACC9D /* CLLocation+JXCalculation.m */; };
		613FCBA42428DDCB004ACC9D /* CLLocation+JXConverter.m in Sources */ = {isa = PBXBuildFile; fileRef = 613FCBA12428DDCB004ACC9D /* CLLocation+JXConverter.m */; };
		613FCBA62428DE57004ACC9D /* JXCategoryKit.podspec in Resources */ = {isa = PBXBuildFile; fileRef = 613FCBA52428DE57004ACC9D /* JXCategoryKit.podspec */; };
		613FCBAA2428E56F004ACC9D /* UIKit.framework in Frameworks */ = {isa = PBXBuildFile; fileRef = 613FCBA92428E56F004ACC9D /* UIKit.framework */; };
		613FCBAC2428E57D004ACC9D /* CoreLocation.framework in Frameworks */ = {isa = PBXBuildFile; fileRef = 613FCBAB2428E57D004ACC9D /* CoreLocation.framework */; };
		613FCBB32428F2BD004ACC9D /* CALayer+JXAnimation.m in Sources */ = {isa = PBXBuildFile; fileRef = 613FCBB22428F2BD004ACC9D /* CALayer+JXAnimation.m */; };
		613FCBB82428F373004ACC9D /* UIApplication+JXNotification.m in Sources */ = {isa = PBXBuildFile; fileRef = 613FCBB62428F373004ACC9D /* UIApplication+JXNotification.m */; };
		613FCBBC2428F3AD004ACC9D /* UITabBarController+JXAnimation.m in Sources */ = {isa = PBXBuildFile; fileRef = 613FCBBA2428F3AD004ACC9D /* UITabBarController+JXAnimation.m */; };
		613FCBC02428F47E004ACC9D /* UIButton+JXShow.m in Sources */ = {isa = PBXBuildFile; fileRef = 613FCBBF2428F47E004ACC9D /* UIButton+JXShow.m */; };
		613FCBC42428F4AD004ACC9D /* UIColor+JXGeneral.m in Sources */ = {isa = PBXBuildFile; fileRef = 613FCBC22428F4AD004ACC9D /* UIColor+JXGeneral.m */; };
		613FCBD62428FF89004ACC9D /* UIDevice+JXGeneral.m in Sources */ = {isa = PBXBuildFile; fileRef = 613FCBD42428FF89004ACC9D /* UIDevice+JXGeneral.m */; };
		613FCBE224290C56004ACC9D /* UIImage+JXClip.m in Sources */ = {isa = PBXBuildFile; fileRef = 613FCBD924290C55004ACC9D /* UIImage+JXClip.m */; };
		613FCBE324290C56004ACC9D /* UIImage+QRCode.m in Sources */ = {isa = PBXBuildFile; fileRef = 613FCBDD24290C56004ACC9D /* UIImage+QRCode.m */; };
		613FCBE424290C56004ACC9D /* UIImage+JXGenerate.m in Sources */ = {isa = PBXBuildFile; fileRef = 613FCBDF24290C56004ACC9D /* UIImage+JXGenerate.m */; };
		613FCBE524290C56004ACC9D /* UIImage+JXGeneral.m in Sources */ = {isa = PBXBuildFile; fileRef = 613FCBE024290C56004ACC9D /* UIImage+JXGeneral.m */; };
		613FCBE624290C56004ACC9D /* UIImage+JXEffect.m in Sources */ = {isa = PBXBuildFile; fileRef = 613FCBE124290C56004ACC9D /* UIImage+JXEffect.m */; };
		613FCBE824290CBF004ACC9D /* Accelerate.framework in Frameworks */ = {isa = PBXBuildFile; fileRef = 613FCBE724290CBF004ACC9D /* Accelerate.framework */; };
		613FCBF824291311004ACC9D /* UITableViewCell+JXGeneral.m in Sources */ = {isa = PBXBuildFile; fileRef = 613FCBF424291311004ACC9D /* UITableViewCell+JXGeneral.m */; };
		613FCBF924291311004ACC9D /* UITableViewCell+JXAnimation.m in Sources */ = {isa = PBXBuildFile; fileRef = 613FCBF724291311004ACC9D /* UITableViewCell+JXAnimation.m */; };
		613FCBFC24291325004ACC9D /* UITextField+JXGeneral.m in Sources */ = {isa = PBXBuildFile; fileRef = 613FCBFA24291325004ACC9D /* UITextField+JXGeneral.m */; };
		613FCC062429149F004ACC9D /* UIView+JXFrame.m in Sources */ = {isa = PBXBuildFile; fileRef = 613FCBFE2429149F004ACC9D /* UIView+JXFrame.m */; };
		613FCC072429149F004ACC9D /* UIView+JXDraw.m in Sources */ = {isa = PBXBuildFile; fileRef = 613FCBFF2429149F004ACC9D /* UIView+JXDraw.m */; };
		613FCC082429149F004ACC9D /* UIView+JXGeneral.m in Sources */ = {isa = PBXBuildFile; fileRef = 613FCC042429149F004ACC9D /* UIView+JXGeneral.m */; };
		613FCC092429149F004ACC9D /* UIView+JXGesture.m in Sources */ = {isa = PBXBuildFile; fileRef = 613FCC052429149F004ACC9D /* UIView+JXGesture.m */; };
		613FCC17242915FD004ACC9D /* UIWindow+JXGeneral.m in Sources */ = {isa = PBXBuildFile; fileRef = 613FCC16242915FD004ACC9D /* UIWindow+JXGeneral.m */; };
		613FCC1E2429167A004ACC9D /* UITabBarController+JXGeneral.m in Sources */ = {isa = PBXBuildFile; fileRef = 613FCC1824291679004ACC9D /* UITabBarController+JXGeneral.m */; };
		613FCC1F2429167A004ACC9D /* UINavigationController+JXGeneral.m in Sources */ = {isa = PBXBuildFile; fileRef = 613FCC1B24291679004ACC9D /* UINavigationController+JXGeneral.m */; };
		613FCC202429167A004ACC9D /* UIViewController+JXGeneral.m in Sources */ = {isa = PBXBuildFile; fileRef = 613FCC1D2429167A004ACC9D /* UIViewController+JXGeneral.m */; };
		613FCC2324291787004ACC9D /* UIViewController+JXAlert.m in Sources */ = {isa = PBXBuildFile; fileRef = 613FCC2224291787004ACC9D /* UIViewController+JXAlert.m */; };
		613FCC34242A2137004ACC9D /* NSBundle+JXGeneral.m in Sources */ = {isa = PBXBuildFile; fileRef = 613FCC30242A2137004ACC9D /* NSBundle+JXGeneral.m */; };
		613FCC35242A2137004ACC9D /* NSBundle+JXPod.m in Sources */ = {isa = PBXBuildFile; fileRef = 613FCC31242A2137004ACC9D /* NSBundle+JXPod.m */; };
		613FCC39242A29A5004ACC9D /* NSError+JXGeneral.m in Sources */ = {isa = PBXBuildFile; fileRef = 613FCC38242A29A5004ACC9D /* NSError+JXGeneral.m */; };
		613FCC3D242A2D9F004ACC9D /* NSDictionary+JXSafe.m in Sources */ = {isa = PBXBuildFile; fileRef = 613FCC3C242A2D9F004ACC9D /* NSDictionary+JXSafe.m */; };
		613FCC41242A4A76004ACC9D /* NSString+JXAttribute.m in Sources */ = {isa = PBXBuildFile; fileRef = 613FCC40242A4A76004ACC9D /* NSString+JXAttribute.m */; };
		613FCC44242A4A86004ACC9D /* NSString+JXVerification.m in Sources */ = {isa = PBXBuildFile; fileRef = 613FCC42242A4A86004ACC9D /* NSString+JXVerification.m */; };
		613FCC47242A4A8F004ACC9D /* NSString+JXSize.m in Sources */ = {isa = PBXBuildFile; fileRef = 613FCC46242A4A8F004ACC9D /* NSString+JXSize.m */; };
		613FCC4A242A4A9D004ACC9D /* NSString+JXFormat.m in Sources */ = {isa = PBXBuildFile; fileRef = 613FCC48242A4A9D004ACC9D /* NSString+JXFormat.m */; };
		613FCC4D242A4AB8004ACC9D /* NSString+JXGeneral.m in Sources */ = {isa = PBXBuildFile; fileRef = 613FCC4C242A4AB8004ACC9D /* NSString+JXGeneral.m */; };
		613FCC50242A4AD2004ACC9D /* NSMutableAttributedString+JXGeneral.m in Sources */ = {isa = PBXBuildFile; fileRef = 613FCC4F242A4AD2004ACC9D /* NSMutableAttributedString+JXGeneral.m */; };
		613FCC53242A4ADE004ACC9D /* NSString+Encrypt.m in Sources */ = {isa = PBXBuildFile; fileRef = 613FCC51242A4ADE004ACC9D /* NSString+Encrypt.m */; };
		613FCC61242A4B1C004ACC9D /* NSNull+JXSafe.m in Sources */ = {isa = PBXBuildFile; fileRef = 613FCC5F242A4B1B004ACC9D /* NSNull+JXSafe.m */; };
		613FCC65242A4B2D004ACC9D /* NSObject+JXRuntime.m in Sources */ = {isa = PBXBuildFile; fileRef = 613FCC64242A4B2D004ACC9D /* NSObject+JXRuntime.m */; };
		613FCC69242A4C99004ACC9D /* NSTimer+JXGeneral.m in Sources */ = {isa = PBXBuildFile; fileRef = 613FCC68242A4C99004ACC9D /* NSTimer+JXGeneral.m */; };
		613FCC6B242A54E7004ACC9D /* README.md in Resources */ = {isa = PBXBuildFile; fileRef = 613FCC6A242A54E7004ACC9D /* README.md */; };
		61510EBE2440455100E55EB7 /* NSDateFormatter+JXConversion.m in Sources */ = {isa = PBXBuildFile; fileRef = 61510EBD2440455100E55EB7 /* NSDateFormatter+JXConversion.m */; };
		61510EC6244045EB00E55EB7 /* NSFileManager+JXVerification.m in Sources */ = {isa = PBXBuildFile; fileRef = 61510EC0244045EB00E55EB7 /* NSFileManager+JXVerification.m */; };
		61510EC7244045EB00E55EB7 /* NSFileManager+JXData.m in Sources */ = {isa = PBXBuildFile; fileRef = 61510EC1244045EB00E55EB7 /* NSFileManager+JXData.m */; };
		61510EC8244045EB00E55EB7 /* NSFileManager+JXFilePath.m in Sources */ = {isa = PBXBuildFile; fileRef = 61510EC3244045EB00E55EB7 /* NSFileManager+JXFilePath.m */; };
		61510EDA24445D8A00E55EB7 /* NSArray+JXGeneral.m in Sources */ = {isa = PBXBuildFile; fileRef = 61510ED924445D8A00E55EB7 /* NSArray+JXGeneral.m */; };
		61510EDD244467E300E55EB7 /* NSMutableArray+JXGeneral.m in Sources */ = {isa = PBXBuildFile; fileRef = 61510EDC244467E300E55EB7 /* NSMutableArray+JXGeneral.m */; };
		61510EE124446C4F00E55EB7 /* NSData+JXEncrypt.m in Sources */ = {isa = PBXBuildFile; fileRef = 61510EE024446C4F00E55EB7 /* NSData+JXEncrypt.m */; };
		61510EE4244551BB00E55EB7 /* NSData+JXGeneral.m in Sources */ = {isa = PBXBuildFile; fileRef = 61510EE3244551BB00E55EB7 /* NSData+JXGeneral.m */; };
		6163676E242C6CD4009BC274 /* UIButton+JXGeneral.m in Sources */ = {isa = PBXBuildFile; fileRef = 6163676C242C6CD3009BC274 /* UIButton+JXGeneral.m */; };
		6163677A242C7A8F009BC274 /* NSDate+JXConversion.m in Sources */ = {isa = PBXBuildFile; fileRef = 61636776242C7A8F009BC274 /* NSDate+JXConversion.m */; };
		6163677B242C7A8F009BC274 /* NSDate+JXGeneral.m in Sources */ = {isa = PBXBuildFile; fileRef = 61636777242C7A8F009BC274 /* NSDate+JXGeneral.m */; };
		6163677C242C7A8F009BC274 /* NSDate+JXVertification.m in Sources */ = {isa = PBXBuildFile; fileRef = 61636779242C7A8F009BC274 /* NSDate+JXVertification.m */; };
		616367E3242F2276009BC274 /* NSArray+JXSafe.m in Sources */ = {isa = PBXBuildFile; fileRef = 616367E0242F2276009BC274 /* NSArray+JXSafe.m */; };
		616367E4242F2276009BC274 /* NSMutableArray+JXSafe.m in Sources */ = {isa = PBXBuildFile; fileRef = 616367E2242F2276009BC274 /* NSMutableArray+JXSafe.m */; };
		616367E7242F2298009BC274 /* NSMutableDictionary+JXSafe.m in Sources */ = {isa = PBXBuildFile; fileRef = 616367E6242F2298009BC274 /* NSMutableDictionary+JXSafe.m */; };
		616367EC242F22BA009BC274 /* NSMutableString+JXSafe.m in Sources */ = {isa = PBXBuildFile; fileRef = 616367E8242F22BA009BC274 /* NSMutableString+JXSafe.m */; };
		616367ED242F22BA009BC274 /* NSString+JXSafe.m in Sources */ = {isa = PBXBuildFile; fileRef = 616367EB242F22BA009BC274 /* NSString+JXSafe.m */; };
		617A338C2427B4F20098EF1A /* AppDelegate.m in Sources */ = {isa = PBXBuildFile; fileRef = 617A338B2427B4F20098EF1A /* AppDelegate.m */; };
		617A338F2427B4F20098EF1A /* SceneDelegate.m in Sources */ = {isa = PBXBuildFile; fileRef = 617A338E2427B4F20098EF1A /* SceneDelegate.m */; };
		617A33922427B4F20098EF1A /* ViewController.m in Sources */ = {isa = PBXBuildFile; fileRef = 617A33912427B4F20098EF1A /* ViewController.m */; };
		617A33952427B4F20098EF1A /* Main.storyboard in Resources */ = {isa = PBXBuildFile; fileRef = 617A33932427B4F20098EF1A /* Main.storyboard */; };
		617A33972427B4F30098EF1A /* Assets.xcassets in Resources */ = {isa = PBXBuildFile; fileRef = 617A33962427B4F30098EF1A /* Assets.xcassets */; };
		617A339A2427B4F30098EF1A /* LaunchScreen.storyboard in Resources */ = {isa = PBXBuildFile; fileRef = 617A33982427B4F30098EF1A /* LaunchScreen.storyboard */; };
		617A339D2427B4F30098EF1A /* main.m in Sources */ = {isa = PBXBuildFile; fileRef = 617A339C2427B4F30098EF1A /* main.m */; };
		61F0E3E824497D1D00683643 /* NSDictionary+JXGeneral.m in Sources */ = {isa = PBXBuildFile; fileRef = 61F0E3E724497D1D00683643 /* NSDictionary+JXGeneral.m */; };
		61F0E3EB24498BA600683643 /* NSMutableDictionary+JXGeneral.m in Sources */ = {isa = PBXBuildFile; fileRef = 61F0E3EA24498BA600683643 /* NSMutableDictionary+JXGeneral.m */; };
		61F0E3EF24498FA400683643 /* NSNotificationCenter+JXGeneral.m in Sources */ = {isa = PBXBuildFile; fileRef = 61F0E3EE24498FA400683643 /* NSNotificationCenter+JXGeneral.m */; };
		61F0E3F224499D6000683643 /* NSObject+JXKVO.m in Sources */ = {isa = PBXBuildFile; fileRef = 61F0E3F124499D6000683643 /* NSObject+JXKVO.m */; };
		61F0E401244EC0A700683643 /* UIColor+JXSpaceComponent.m in Sources */ = {isa = PBXBuildFile; fileRef = 61F0E400244EC0A700683643 /* UIColor+JXSpaceComponent.m */; };
		61F0E405244ED1AC00683643 /* UIControl+JXEvents.m in Sources */ = {isa = PBXBuildFile; fileRef = 61F0E404244ED1AC00683643 /* UIControl+JXEvents.m */; };
		61F0E409244EF0A000683643 /* UIGestureRecognizer+JXBlock.m in Sources */ = {isa = PBXBuildFile; fileRef = 61F0E408244EF0A000683643 /* UIGestureRecognizer+JXBlock.m */; };
		61F0E40D24503BFC00683643 /* UIScrollView+JXGeneral.m in Sources */ = {isa = PBXBuildFile; fileRef = 61F0E40C24503BFC00683643 /* UIScrollView+JXGeneral.m */; };
		61F0E41124503D3600683643 /* UITableView+JXGeneral.m in Sources */ = {isa = PBXBuildFile; fileRef = 61F0E41024503D3600683643 /* UITableView+JXGeneral.m */; };
/* End PBXBuildFile section */

/* Begin PBXFileReference section */
		613FCB9F2428DDCB004ACC9D /* CLLocation+JXCalculation.m */ = {isa = PBXFileReference; fileEncoding = 4; lastKnownFileType = sourcecode.c.objc; path = "CLLocation+JXCalculation.m"; sourceTree = "<group>"; };
		613FCBA02428DDCB004ACC9D /* CLLocation+JXConverter.h */ = {isa = PBXFileReference; fileEncoding = 4; lastKnownFileType = sourcecode.c.h; path = "CLLocation+JXConverter.h"; sourceTree = "<group>"; };
		613FCBA12428DDCB004ACC9D /* CLLocation+JXConverter.m */ = {isa = PBXFileReference; fileEncoding = 4; lastKnownFileType = sourcecode.c.objc; path = "CLLocation+JXConverter.m"; sourceTree = "<group>"; };
		613FCBA22428DDCB004ACC9D /* CLLocation+JXCalculation.h */ = {isa = PBXFileReference; fileEncoding = 4; lastKnownFileType = sourcecode.c.h; path = "CLLocation+JXCalculation.h"; sourceTree = "<group>"; };
		613FCBA52428DE57004ACC9D /* JXCategoryKit.podspec */ = {isa = PBXFileReference; fileEncoding = 4; lastKnownFileType = text; path = JXCategoryKit.podspec; sourceTree = "<group>"; };
		613FCBA72428DFD5004ACC9D /* JXCategoryKit.h */ = {isa = PBXFileReference; lastKnownFileType = sourcecode.c.h; path = JXCategoryKit.h; sourceTree = "<group>"; };
		613FCBA92428E56F004ACC9D /* UIKit.framework */ = {isa = PBXFileReference; lastKnownFileType = wrapper.framework; name = UIKit.framework; path = System/Library/Frameworks/UIKit.framework; sourceTree = SDKROOT; };
		613FCBAB2428E57D004ACC9D /* CoreLocation.framework */ = {isa = PBXFileReference; lastKnownFileType = wrapper.framework; name = CoreLocation.framework; path = System/Library/Frameworks/CoreLocation.framework; sourceTree = SDKROOT; };
		613FCBB12428F2BD004ACC9D /* CALayer+JXAnimation.h */ = {isa = PBXFileReference; fileEncoding = 4; lastKnownFileType = sourcecode.c.h; path = "CALayer+JXAnimation.h"; sourceTree = "<group>"; };
		613FCBB22428F2BD004ACC9D /* CALayer+JXAnimation.m */ = {isa = PBXFileReference; fileEncoding = 4; lastKnownFileType = sourcecode.c.objc; path = "CALayer+JXAnimation.m"; sourceTree = "<group>"; };
		613FCBB62428F373004ACC9D /* UIApplication+JXNotification.m */ = {isa = PBXFileReference; fileEncoding = 4; lastKnownFileType = sourcecode.c.objc; path = "UIApplication+JXNotification.m"; sourceTree = "<group>"; };
		613FCBB72428F373004ACC9D /* UIApplication+JXNotification.h */ = {isa = PBXFileReference; fileEncoding = 4; lastKnownFileType = sourcecode.c.h; path = "UIApplication+JXNotification.h"; sourceTree = "<group>"; };
		613FCBBA2428F3AD004ACC9D /* UITabBarController+JXAnimation.m */ = {isa = PBXFileReference; fileEncoding = 4; lastKnownFileType = sourcecode.c.objc; path = "UITabBarController+JXAnimation.m"; sourceTree = "<group>"; };
		613FCBBB2428F3AD004ACC9D /* UITabBarController+JXAnimation.h */ = {isa = PBXFileReference; fileEncoding = 4; lastKnownFileType = sourcecode.c.h; path = "UITabBarController+JXAnimation.h"; sourceTree = "<group>"; };
		613FCBBE2428F47E004ACC9D /* UIButton+JXShow.h */ = {isa = PBXFileReference; fileEncoding = 4; lastKnownFileType = sourcecode.c.h; path = "UIButton+JXShow.h"; sourceTree = "<group>"; };
		613FCBBF2428F47E004ACC9D /* UIButton+JXShow.m */ = {isa = PBXFileReference; fileEncoding = 4; lastKnownFileType = sourcecode.c.objc; path = "UIButton+JXShow.m"; sourceTree = "<group>"; };
		613FCBC22428F4AD004ACC9D /* UIColor+JXGeneral.m */ = {isa = PBXFileReference; fileEncoding = 4; lastKnownFileType = sourcecode.c.objc; path = "UIColor+JXGeneral.m"; sourceTree = "<group>"; };
		613FCBC32428F4AD004ACC9D /* UIColor+JXGeneral.h */ = {isa = PBXFileReference; fileEncoding = 4; lastKnownFileType = sourcecode.c.h; path = "UIColor+JXGeneral.h"; sourceTree = "<group>"; };
		613FCBD42428FF89004ACC9D /* UIDevice+JXGeneral.m */ = {isa = PBXFileReference; fileEncoding = 4; lastKnownFileType = sourcecode.c.objc; path = "UIDevice+JXGeneral.m"; sourceTree = "<group>"; };
		613FCBD52428FF89004ACC9D /* UIDevice+JXGeneral.h */ = {isa = PBXFileReference; fileEncoding = 4; lastKnownFileType = sourcecode.c.h; path = "UIDevice+JXGeneral.h"; sourceTree = "<group>"; };
		613FCBD824290C55004ACC9D /* UIImage+QRCode.h */ = {isa = PBXFileReference; fileEncoding = 4; lastKnownFileType = sourcecode.c.h; path = "UIImage+QRCode.h"; sourceTree = "<group>"; };
		613FCBD924290C55004ACC9D /* UIImage+JXClip.m */ = {isa = PBXFileReference; fileEncoding = 4; lastKnownFileType = sourcecode.c.objc; path = "UIImage+JXClip.m"; sourceTree = "<group>"; };
		613FCBDA24290C56004ACC9D /* UIImage+JXClip.h */ = {isa = PBXFileReference; fileEncoding = 4; lastKnownFileType = sourcecode.c.h; path = "UIImage+JXClip.h"; sourceTree = "<group>"; };
		613FCBDB24290C56004ACC9D /* UIImage+JXEffect.h */ = {isa = PBXFileReference; fileEncoding = 4; lastKnownFileType = sourcecode.c.h; path = "UIImage+JXEffect.h"; sourceTree = "<group>"; };
		613FCBDC24290C56004ACC9D /* UIImage+JXGenerate.h */ = {isa = PBXFileReference; fileEncoding = 4; lastKnownFileType = sourcecode.c.h; path = "UIImage+JXGenerate.h"; sourceTree = "<group>"; };
		613FCBDD24290C56004ACC9D /* UIImage+QRCode.m */ = {isa = PBXFileReference; fileEncoding = 4; lastKnownFileType = sourcecode.c.objc; path = "UIImage+QRCode.m"; sourceTree = "<group>"; };
		613FCBDE24290C56004ACC9D /* UIImage+JXGeneral.h */ = {isa = PBXFileReference; fileEncoding = 4; lastKnownFileType = sourcecode.c.h; path = "UIImage+JXGeneral.h"; sourceTree = "<group>"; };
		613FCBDF24290C56004ACC9D /* UIImage+JXGenerate.m */ = {isa = PBXFileReference; fileEncoding = 4; lastKnownFileType = sourcecode.c.objc; path = "UIImage+JXGenerate.m"; sourceTree = "<group>"; };
		613FCBE024290C56004ACC9D /* UIImage+JXGeneral.m */ = {isa = PBXFileReference; fileEncoding = 4; lastKnownFileType = sourcecode.c.objc; path = "UIImage+JXGeneral.m"; sourceTree = "<group>"; };
		613FCBE124290C56004ACC9D /* UIImage+JXEffect.m */ = {isa = PBXFileReference; fileEncoding = 4; lastKnownFileType = sourcecode.c.objc; path = "UIImage+JXEffect.m"; sourceTree = "<group>"; };
		613FCBE724290CBF004ACC9D /* Accelerate.framework */ = {isa = PBXFileReference; lastKnownFileType = wrapper.framework; name = Accelerate.framework; path = System/Library/Frameworks/Accelerate.framework; sourceTree = SDKROOT; };
		613FCBF424291311004ACC9D /* UITableViewCell+JXGeneral.m */ = {isa = PBXFileReference; fileEncoding = 4; lastKnownFileType = sourcecode.c.objc; path = "UITableViewCell+JXGeneral.m"; sourceTree = "<group>"; };
		613FCBF524291311004ACC9D /* UITableViewCell+JXAnimation.h */ = {isa = PBXFileReference; fileEncoding = 4; lastKnownFileType = sourcecode.c.h; path = "UITableViewCell+JXAnimation.h"; sourceTree = "<group>"; };
		613FCBF624291311004ACC9D /* UITableViewCell+JXGeneral.h */ = {isa = PBXFileReference; fileEncoding = 4; lastKnownFileType = sourcecode.c.h; path = "UITableViewCell+JXGeneral.h"; sourceTree = "<group>"; };
		613FCBF724291311004ACC9D /* UITableViewCell+JXAnimation.m */ = {isa = PBXFileReference; fileEncoding = 4; lastKnownFileType = sourcecode.c.objc; path = "UITableViewCell+JXAnimation.m"; sourceTree = "<group>"; };
		613FCBFA24291325004ACC9D /* UITextField+JXGeneral.m */ = {isa = PBXFileReference; fileEncoding = 4; lastKnownFileType = sourcecode.c.objc; path = "UITextField+JXGeneral.m"; sourceTree = "<group>"; };
		613FCBFB24291325004ACC9D /* UITextField+JXGeneral.h */ = {isa = PBXFileReference; fileEncoding = 4; lastKnownFileType = sourcecode.c.h; path = "UITextField+JXGeneral.h"; sourceTree = "<group>"; };
		613FCBFE2429149F004ACC9D /* UIView+JXFrame.m */ = {isa = PBXFileReference; fileEncoding = 4; lastKnownFileType = sourcecode.c.objc; path = "UIView+JXFrame.m"; sourceTree = "<group>"; };
		613FCBFF2429149F004ACC9D /* UIView+JXDraw.m */ = {isa = PBXFileReference; fileEncoding = 4; lastKnownFileType = sourcecode.c.objc; path = "UIView+JXDraw.m"; sourceTree = "<group>"; };
		613FCC002429149F004ACC9D /* UIView+JXGesture.h */ = {isa = PBXFileReference; fileEncoding = 4; lastKnownFileType = sourcecode.c.h; path = "UIView+JXGesture.h"; sourceTree = "<group>"; };
		613FCC012429149F004ACC9D /* UIView+JXFrame.h */ = {isa = PBXFileReference; fileEncoding = 4; lastKnownFileType = sourcecode.c.h; path = "UIView+JXFrame.h"; sourceTree = "<group>"; };
		613FCC022429149F004ACC9D /* UIView+JXGeneral.h */ = {isa = PBXFileReference; fileEncoding = 4; lastKnownFileType = sourcecode.c.h; path = "UIView+JXGeneral.h"; sourceTree = "<group>"; };
		613FCC032429149F004ACC9D /* UIView+JXDraw.h */ = {isa = PBXFileReference; fileEncoding = 4; lastKnownFileType = sourcecode.c.h; path = "UIView+JXDraw.h"; sourceTree = "<group>"; };
		613FCC042429149F004ACC9D /* UIView+JXGeneral.m */ = {isa = PBXFileReference; fileEncoding = 4; lastKnownFileType = sourcecode.c.objc; path = "UIView+JXGeneral.m"; sourceTree = "<group>"; };
		613FCC052429149F004ACC9D /* UIView+JXGesture.m */ = {isa = PBXFileReference; fileEncoding = 4; lastKnownFileType = sourcecode.c.objc; path = "UIView+JXGesture.m"; sourceTree = "<group>"; };
		613FCC15242915FD004ACC9D /* UIWindow+JXGeneral.h */ = {isa = PBXFileReference; fileEncoding = 4; lastKnownFileType = sourcecode.c.h; path = "UIWindow+JXGeneral.h"; sourceTree = "<group>"; };
		613FCC16242915FD004ACC9D /* UIWindow+JXGeneral.m */ = {isa = PBXFileReference; fileEncoding = 4; lastKnownFileType = sourcecode.c.objc; path = "UIWindow+JXGeneral.m"; sourceTree = "<group>"; };
		613FCC1824291679004ACC9D /* UITabBarController+JXGeneral.m */ = {isa = PBXFileReference; fileEncoding = 4; lastKnownFileType = sourcecode.c.objc; path = "UITabBarController+JXGeneral.m"; sourceTree = "<group>"; };
		613FCC1924291679004ACC9D /* UIViewController+JXGeneral.h */ = {isa = PBXFileReference; fileEncoding = 4; lastKnownFileType = sourcecode.c.h; path = "UIViewController+JXGeneral.h"; sourceTree = "<group>"; };
		613FCC1A24291679004ACC9D /* UINavigationController+JXGeneral.h */ = {isa = PBXFileReference; fileEncoding = 4; lastKnownFileType = sourcecode.c.h; path = "UINavigationController+JXGeneral.h"; sourceTree = "<group>"; };
		613FCC1B24291679004ACC9D /* UINavigationController+JXGeneral.m */ = {isa = PBXFileReference; fileEncoding = 4; lastKnownFileType = sourcecode.c.objc; path = "UINavigationController+JXGeneral.m"; sourceTree = "<group>"; };
		613FCC1C24291679004ACC9D /* UITabBarController+JXGeneral.h */ = {isa = PBXFileReference; fileEncoding = 4; lastKnownFileType = sourcecode.c.h; path = "UITabBarController+JXGeneral.h"; sourceTree = "<group>"; };
		613FCC1D2429167A004ACC9D /* UIViewController+JXGeneral.m */ = {isa = PBXFileReference; fileEncoding = 4; lastKnownFileType = sourcecode.c.objc; path = "UIViewController+JXGeneral.m"; sourceTree = "<group>"; };
		613FCC2124291787004ACC9D /* UIViewController+JXAlert.h */ = {isa = PBXFileReference; fileEncoding = 4; lastKnownFileType = sourcecode.c.h; path = "UIViewController+JXAlert.h"; sourceTree = "<group>"; };
		613FCC2224291787004ACC9D /* UIViewController+JXAlert.m */ = {isa = PBXFileReference; fileEncoding = 4; lastKnownFileType = sourcecode.c.objc; path = "UIViewController+JXAlert.m"; sourceTree = "<group>"; };
		613FCC30242A2137004ACC9D /* NSBundle+JXGeneral.m */ = {isa = PBXFileReference; fileEncoding = 4; lastKnownFileType = sourcecode.c.objc; path = "NSBundle+JXGeneral.m"; sourceTree = "<group>"; };
		613FCC31242A2137004ACC9D /* NSBundle+JXPod.m */ = {isa = PBXFileReference; fileEncoding = 4; lastKnownFileType = sourcecode.c.objc; path = "NSBundle+JXPod.m"; sourceTree = "<group>"; };
		613FCC32242A2137004ACC9D /* NSBundle+JXGeneral.h */ = {isa = PBXFileReference; fileEncoding = 4; lastKnownFileType = sourcecode.c.h; path = "NSBundle+JXGeneral.h"; sourceTree = "<group>"; };
		613FCC33242A2137004ACC9D /* NSBundle+JXPod.h */ = {isa = PBXFileReference; fileEncoding = 4; lastKnownFileType = sourcecode.c.h; path = "NSBundle+JXPod.h"; sourceTree = "<group>"; };
		613FCC37242A29A5004ACC9D /* NSError+JXGeneral.h */ = {isa = PBXFileReference; lastKnownFileType = sourcecode.c.h; path = "NSError+JXGeneral.h"; sourceTree = "<group>"; };
		613FCC38242A29A5004ACC9D /* NSError+JXGeneral.m */ = {isa = PBXFileReference; lastKnownFileType = sourcecode.c.objc; path = "NSError+JXGeneral.m"; sourceTree = "<group>"; };
		613FCC3B242A2D9F004ACC9D /* NSDictionary+JXSafe.h */ = {isa = PBXFileReference; fileEncoding = 4; lastKnownFileType = sourcecode.c.h; path = "NSDictionary+JXSafe.h"; sourceTree = "<group>"; };
		613FCC3C242A2D9F004ACC9D /* NSDictionary+JXSafe.m */ = {isa = PBXFileReference; fileEncoding = 4; lastKnownFileType = sourcecode.c.objc; path = "NSDictionary+JXSafe.m"; sourceTree = "<group>"; };
		613FCC3F242A4A76004ACC9D /* NSString+JXAttribute.h */ = {isa = PBXFileReference; fileEncoding = 4; lastKnownFileType = sourcecode.c.h; path = "NSString+JXAttribute.h"; sourceTree = "<group>"; };
		613FCC40242A4A76004ACC9D /* NSString+JXAttribute.m */ = {isa = PBXFileReference; fileEncoding = 4; lastKnownFileType = sourcecode.c.objc; path = "NSString+JXAttribute.m"; sourceTree = "<group>"; };
		613FCC42242A4A86004ACC9D /* NSString+JXVerification.m */ = {isa = PBXFileReference; fileEncoding = 4; lastKnownFileType = sourcecode.c.objc; path = "NSString+JXVerification.m"; sourceTree = "<group>"; };
		613FCC43242A4A86004ACC9D /* NSString+JXVerification.h */ = {isa = PBXFileReference; fileEncoding = 4; lastKnownFileType = sourcecode.c.h; path = "NSString+JXVerification.h"; sourceTree = "<group>"; };
		613FCC45242A4A8F004ACC9D /* NSString+JXSize.h */ = {isa = PBXFileReference; fileEncoding = 4; lastKnownFileType = sourcecode.c.h; path = "NSString+JXSize.h"; sourceTree = "<group>"; };
		613FCC46242A4A8F004ACC9D /* NSString+JXSize.m */ = {isa = PBXFileReference; fileEncoding = 4; lastKnownFileType = sourcecode.c.objc; path = "NSString+JXSize.m"; sourceTree = "<group>"; };
		613FCC48242A4A9D004ACC9D /* NSString+JXFormat.m */ = {isa = PBXFileReference; fileEncoding = 4; lastKnownFileType = sourcecode.c.objc; path = "NSString+JXFormat.m"; sourceTree = "<group>"; };
		613FCC49242A4A9D004ACC9D /* NSString+JXFormat.h */ = {isa = PBXFileReference; fileEncoding = 4; lastKnownFileType = sourcecode.c.h; path = "NSString+JXFormat.h"; sourceTree = "<group>"; };
		613FCC4B242A4AB8004ACC9D /* NSString+JXGeneral.h */ = {isa = PBXFileReference; fileEncoding = 4; lastKnownFileType = sourcecode.c.h; path = "NSString+JXGeneral.h"; sourceTree = "<group>"; };
		613FCC4C242A4AB8004ACC9D /* NSString+JXGeneral.m */ = {isa = PBXFileReference; fileEncoding = 4; lastKnownFileType = sourcecode.c.objc; path = "NSString+JXGeneral.m"; sourceTree = "<group>"; };
		613FCC4E242A4AD2004ACC9D /* NSMutableAttributedString+JXGeneral.h */ = {isa = PBXFileReference; fileEncoding = 4; lastKnownFileType = sourcecode.c.h; path = "NSMutableAttributedString+JXGeneral.h"; sourceTree = "<group>"; };
		613FCC4F242A4AD2004ACC9D /* NSMutableAttributedString+JXGeneral.m */ = {isa = PBXFileReference; fileEncoding = 4; lastKnownFileType = sourcecode.c.objc; path = "NSMutableAttributedString+JXGeneral.m"; sourceTree = "<group>"; };
		613FCC51242A4ADE004ACC9D /* NSString+Encrypt.m */ = {isa = PBXFileReference; fileEncoding = 4; lastKnownFileType = sourcecode.c.objc; path = "NSString+Encrypt.m"; sourceTree = "<group>"; };
		613FCC52242A4ADE004ACC9D /* NSString+Encrypt.h */ = {isa = PBXFileReference; fileEncoding = 4; lastKnownFileType = sourcecode.c.h; path = "NSString+Encrypt.h"; sourceTree = "<group>"; };
		613FCC5F242A4B1B004ACC9D /* NSNull+JXSafe.m */ = {isa = PBXFileReference; fileEncoding = 4; lastKnownFileType = sourcecode.c.objc; path = "NSNull+JXSafe.m"; sourceTree = "<group>"; };
		613FCC60242A4B1C004ACC9D /* NSNull+JXSafe.h */ = {isa = PBXFileReference; fileEncoding = 4; lastKnownFileType = sourcecode.c.h; path = "NSNull+JXSafe.h"; sourceTree = "<group>"; };
		613FCC63242A4B2D004ACC9D /* NSObject+JXRuntime.h */ = {isa = PBXFileReference; fileEncoding = 4; lastKnownFileType = sourcecode.c.h; path = "NSObject+JXRuntime.h"; sourceTree = "<group>"; };
		613FCC64242A4B2D004ACC9D /* NSObject+JXRuntime.m */ = {isa = PBXFileReference; fileEncoding = 4; lastKnownFileType = sourcecode.c.objc; path = "NSObject+JXRuntime.m"; sourceTree = "<group>"; };
		613FCC67242A4C99004ACC9D /* NSTimer+JXGeneral.h */ = {isa = PBXFileReference; fileEncoding = 4; lastKnownFileType = sourcecode.c.h; path = "NSTimer+JXGeneral.h"; sourceTree = "<group>"; };
		613FCC68242A4C99004ACC9D /* NSTimer+JXGeneral.m */ = {isa = PBXFileReference; fileEncoding = 4; lastKnownFileType = sourcecode.c.objc; path = "NSTimer+JXGeneral.m"; sourceTree = "<group>"; };
		613FCC6A242A54E7004ACC9D /* README.md */ = {isa = PBXFileReference; fileEncoding = 4; lastKnownFileType = net.daringfireball.markdown; path = README.md; sourceTree = "<group>"; };
		61510EBC2440455100E55EB7 /* NSDateFormatter+JXConversion.h */ = {isa = PBXFileReference; lastKnownFileType = sourcecode.c.h; path = "NSDateFormatter+JXConversion.h"; sourceTree = "<group>"; };
		61510EBD2440455100E55EB7 /* NSDateFormatter+JXConversion.m */ = {isa = PBXFileReference; lastKnownFileType = sourcecode.c.objc; path = "NSDateFormatter+JXConversion.m"; sourceTree = "<group>"; };
		61510EC0244045EB00E55EB7 /* NSFileManager+JXVerification.m */ = {isa = PBXFileReference; fileEncoding = 4; lastKnownFileType = sourcecode.c.objc; path = "NSFileManager+JXVerification.m"; sourceTree = "<group>"; };
		61510EC1244045EB00E55EB7 /* NSFileManager+JXData.m */ = {isa = PBXFileReference; fileEncoding = 4; lastKnownFileType = sourcecode.c.objc; path = "NSFileManager+JXData.m"; sourceTree = "<group>"; };
		61510EC2244045EB00E55EB7 /* NSFileManager+JXVerification.h */ = {isa = PBXFileReference; fileEncoding = 4; lastKnownFileType = sourcecode.c.h; path = "NSFileManager+JXVerification.h"; sourceTree = "<group>"; };
		61510EC3244045EB00E55EB7 /* NSFileManager+JXFilePath.m */ = {isa = PBXFileReference; fileEncoding = 4; lastKnownFileType = sourcecode.c.objc; path = "NSFileManager+JXFilePath.m"; sourceTree = "<group>"; };
		61510EC4244045EB00E55EB7 /* NSFileManager+JXFilePath.h */ = {isa = PBXFileReference; fileEncoding = 4; lastKnownFileType = sourcecode.c.h; path = "NSFileManager+JXFilePath.h"; sourceTree = "<group>"; };
		61510EC5244045EB00E55EB7 /* NSFileManager+JXData.h */ = {isa = PBXFileReference; fileEncoding = 4; lastKnownFileType = sourcecode.c.h; path = "NSFileManager+JXData.h"; sourceTree = "<group>"; };
		61510ED824445D8A00E55EB7 /* NSArray+JXGeneral.h */ = {isa = PBXFileReference; lastKnownFileType = sourcecode.c.h; path = "NSArray+JXGeneral.h"; sourceTree = "<group>"; };
		61510ED924445D8A00E55EB7 /* NSArray+JXGeneral.m */ = {isa = PBXFileReference; lastKnownFileType = sourcecode.c.objc; path = "NSArray+JXGeneral.m"; sourceTree = "<group>"; };
		61510EDB244467E300E55EB7 /* NSMutableArray+JXGeneral.h */ = {isa = PBXFileReference; lastKnownFileType = sourcecode.c.h; path = "NSMutableArray+JXGeneral.h"; sourceTree = "<group>"; };
		61510EDC244467E300E55EB7 /* NSMutableArray+JXGeneral.m */ = {isa = PBXFileReference; lastKnownFileType = sourcecode.c.objc; path = "NSMutableArray+JXGeneral.m"; sourceTree = "<group>"; };
		61510EDF24446C4F00E55EB7 /* NSData+JXEncrypt.h */ = {isa = PBXFileReference; lastKnownFileType = sourcecode.c.h; path = "NSData+JXEncrypt.h"; sourceTree = "<group>"; };
		61510EE024446C4F00E55EB7 /* NSData+JXEncrypt.m */ = {isa = PBXFileReference; lastKnownFileType = sourcecode.c.objc; path = "NSData+JXEncrypt.m"; sourceTree = "<group>"; };
		61510EE2244551BB00E55EB7 /* NSData+JXGeneral.h */ = {isa = PBXFileReference; lastKnownFileType = sourcecode.c.h; path = "NSData+JXGeneral.h"; sourceTree = "<group>"; };
		61510EE3244551BB00E55EB7 /* NSData+JXGeneral.m */ = {isa = PBXFileReference; lastKnownFileType = sourcecode.c.objc; path = "NSData+JXGeneral.m"; sourceTree = "<group>"; };
		6163676C242C6CD3009BC274 /* UIButton+JXGeneral.m */ = {isa = PBXFileReference; fileEncoding = 4; lastKnownFileType = sourcecode.c.objc; path = "UIButton+JXGeneral.m"; sourceTree = "<group>"; };
		6163676D242C6CD3009BC274 /* UIButton+JXGeneral.h */ = {isa = PBXFileReference; fileEncoding = 4; lastKnownFileType = sourcecode.c.h; path = "UIButton+JXGeneral.h"; sourceTree = "<group>"; };
		61636774242C7A8F009BC274 /* NSDate+JXConversion.h */ = {isa = PBXFileReference; fileEncoding = 4; lastKnownFileType = sourcecode.c.h; path = "NSDate+JXConversion.h"; sourceTree = "<group>"; };
		61636775242C7A8F009BC274 /* NSDate+JXGeneral.h */ = {isa = PBXFileReference; fileEncoding = 4; lastKnownFileType = sourcecode.c.h; path = "NSDate+JXGeneral.h"; sourceTree = "<group>"; };
		61636776242C7A8F009BC274 /* NSDate+JXConversion.m */ = {isa = PBXFileReference; fileEncoding = 4; lastKnownFileType = sourcecode.c.objc; path = "NSDate+JXConversion.m"; sourceTree = "<group>"; };
		61636777242C7A8F009BC274 /* NSDate+JXGeneral.m */ = {isa = PBXFileReference; fileEncoding = 4; lastKnownFileType = sourcecode.c.objc; path = "NSDate+JXGeneral.m"; sourceTree = "<group>"; };
		61636778242C7A8F009BC274 /* NSDate+JXVertification.h */ = {isa = PBXFileReference; fileEncoding = 4; lastKnownFileType = sourcecode.c.h; path = "NSDate+JXVertification.h"; sourceTree = "<group>"; };
		61636779242C7A8F009BC274 /* NSDate+JXVertification.m */ = {isa = PBXFileReference; fileEncoding = 4; lastKnownFileType = sourcecode.c.objc; path = "NSDate+JXVertification.m"; sourceTree = "<group>"; };
		616367DF242F2276009BC274 /* NSMutableArray+JXSafe.h */ = {isa = PBXFileReference; fileEncoding = 4; lastKnownFileType = sourcecode.c.h; path = "NSMutableArray+JXSafe.h"; sourceTree = "<group>"; };
		616367E0242F2276009BC274 /* NSArray+JXSafe.m */ = {isa = PBXFileReference; fileEncoding = 4; lastKnownFileType = sourcecode.c.objc; path = "NSArray+JXSafe.m"; sourceTree = "<group>"; };
		616367E1242F2276009BC274 /* NSArray+JXSafe.h */ = {isa = PBXFileReference; fileEncoding = 4; lastKnownFileType = sourcecode.c.h; path = "NSArray+JXSafe.h"; sourceTree = "<group>"; };
		616367E2242F2276009BC274 /* NSMutableArray+JXSafe.m */ = {isa = PBXFileReference; fileEncoding = 4; lastKnownFileType = sourcecode.c.objc; path = "NSMutableArray+JXSafe.m"; sourceTree = "<group>"; };
		616367E5242F2298009BC274 /* NSMutableDictionary+JXSafe.h */ = {isa = PBXFileReference; fileEncoding = 4; lastKnownFileType = sourcecode.c.h; path = "NSMutableDictionary+JXSafe.h"; sourceTree = "<group>"; };
		616367E6242F2298009BC274 /* NSMutableDictionary+JXSafe.m */ = {isa = PBXFileReference; fileEncoding = 4; lastKnownFileType = sourcecode.c.objc; path = "NSMutableDictionary+JXSafe.m"; sourceTree = "<group>"; };
		616367E8242F22BA009BC274 /* NSMutableString+JXSafe.m */ = {isa = PBXFileReference; fileEncoding = 4; lastKnownFileType = sourcecode.c.objc; path = "NSMutableString+JXSafe.m"; sourceTree = "<group>"; };
		616367E9242F22BA009BC274 /* NSMutableString+JXSafe.h */ = {isa = PBXFileReference; fileEncoding = 4; lastKnownFileType = sourcecode.c.h; path = "NSMutableString+JXSafe.h"; sourceTree = "<group>"; };
		616367EA242F22BA009BC274 /* NSString+JXSafe.h */ = {isa = PBXFileReference; fileEncoding = 4; lastKnownFileType = sourcecode.c.h; path = "NSString+JXSafe.h"; sourceTree = "<group>"; };
		616367EB242F22BA009BC274 /* NSString+JXSafe.m */ = {isa = PBXFileReference; fileEncoding = 4; lastKnownFileType = sourcecode.c.objc; path = "NSString+JXSafe.m"; sourceTree = "<group>"; };
		617A33872427B4F20098EF1A /* JXCategoryKit.app */ = {isa = PBXFileReference; explicitFileType = wrapper.application; includeInIndex = 0; path = JXCategoryKit.app; sourceTree = BUILT_PRODUCTS_DIR; };
		617A338A2427B4F20098EF1A /* AppDelegate.h */ = {isa = PBXFileReference; lastKnownFileType = sourcecode.c.h; path = AppDelegate.h; sourceTree = "<group>"; };
		617A338B2427B4F20098EF1A /* AppDelegate.m */ = {isa = PBXFileReference; lastKnownFileType = sourcecode.c.objc; path = AppDelegate.m; sourceTree = "<group>"; };
		617A338D2427B4F20098EF1A /* SceneDelegate.h */ = {isa = PBXFileReference; lastKnownFileType = sourcecode.c.h; path = SceneDelegate.h; sourceTree = "<group>"; };
		617A338E2427B4F20098EF1A /* SceneDelegate.m */ = {isa = PBXFileReference; lastKnownFileType = sourcecode.c.objc; path = SceneDelegate.m; sourceTree = "<group>"; };
		617A33902427B4F20098EF1A /* ViewController.h */ = {isa = PBXFileReference; lastKnownFileType = sourcecode.c.h; path = ViewController.h; sourceTree = "<group>"; };
		617A33912427B4F20098EF1A /* ViewController.m */ = {isa = PBXFileReference; lastKnownFileType = sourcecode.c.objc; path = ViewController.m; sourceTree = "<group>"; };
		617A33942427B4F20098EF1A /* Base */ = {isa = PBXFileReference; lastKnownFileType = file.storyboard; name = Base; path = Base.lproj/Main.storyboard; sourceTree = "<group>"; };
		617A33962427B4F30098EF1A /* Assets.xcassets */ = {isa = PBXFileReference; lastKnownFileType = folder.assetcatalog; path = Assets.xcassets; sourceTree = "<group>"; };
		617A33992427B4F30098EF1A /* Base */ = {isa = PBXFileReference; lastKnownFileType = file.storyboard; name = Base; path = Base.lproj/LaunchScreen.storyboard; sourceTree = "<group>"; };
		617A339B2427B4F30098EF1A /* Info.plist */ = {isa = PBXFileReference; lastKnownFileType = text.plist.xml; path = Info.plist; sourceTree = "<group>"; };
		617A339C2427B4F30098EF1A /* main.m */ = {isa = PBXFileReference; lastKnownFileType = sourcecode.c.objc; path = main.m; sourceTree = "<group>"; };
		61F0E3E624497D1D00683643 /* NSDictionary+JXGeneral.h */ = {isa = PBXFileReference; lastKnownFileType = sourcecode.c.h; path = "NSDictionary+JXGeneral.h"; sourceTree = "<group>"; };
		61F0E3E724497D1D00683643 /* NSDictionary+JXGeneral.m */ = {isa = PBXFileReference; lastKnownFileType = sourcecode.c.objc; path = "NSDictionary+JXGeneral.m"; sourceTree = "<group>"; };
		61F0E3E924498BA600683643 /* NSMutableDictionary+JXGeneral.h */ = {isa = PBXFileReference; lastKnownFileType = sourcecode.c.h; path = "NSMutableDictionary+JXGeneral.h"; sourceTree = "<group>"; };
		61F0E3EA24498BA600683643 /* NSMutableDictionary+JXGeneral.m */ = {isa = PBXFileReference; lastKnownFileType = sourcecode.c.objc; path = "NSMutableDictionary+JXGeneral.m"; sourceTree = "<group>"; };
		61F0E3ED24498FA400683643 /* NSNotificationCenter+JXGeneral.h */ = {isa = PBXFileReference; lastKnownFileType = sourcecode.c.h; path = "NSNotificationCenter+JXGeneral.h"; sourceTree = "<group>"; };
		61F0E3EE24498FA400683643 /* NSNotificationCenter+JXGeneral.m */ = {isa = PBXFileReference; lastKnownFileType = sourcecode.c.objc; path = "NSNotificationCenter+JXGeneral.m"; sourceTree = "<group>"; };
		61F0E3F024499D6000683643 /* NSObject+JXKVO.h */ = {isa = PBXFileReference; lastKnownFileType = sourcecode.c.h; path = "NSObject+JXKVO.h"; sourceTree = "<group>"; };
		61F0E3F124499D6000683643 /* NSObject+JXKVO.m */ = {isa = PBXFileReference; lastKnownFileType = sourcecode.c.objc; path = "NSObject+JXKVO.m"; sourceTree = "<group>"; };
		61F0E3FF244EC0A700683643 /* UIColor+JXSpaceComponent.h */ = {isa = PBXFileReference; lastKnownFileType = sourcecode.c.h; path = "UIColor+JXSpaceComponent.h"; sourceTree = "<group>"; };
		61F0E400244EC0A700683643 /* UIColor+JXSpaceComponent.m */ = {isa = PBXFileReference; lastKnownFileType = sourcecode.c.objc; path = "UIColor+JXSpaceComponent.m"; sourceTree = "<group>"; };
		61F0E403244ED1AC00683643 /* UIControl+JXEvents.h */ = {isa = PBXFileReference; lastKnownFileType = sourcecode.c.h; path = "UIControl+JXEvents.h"; sourceTree = "<group>"; };
		61F0E404244ED1AC00683643 /* UIControl+JXEvents.m */ = {isa = PBXFileReference; lastKnownFileType = sourcecode.c.objc; path = "UIControl+JXEvents.m"; sourceTree = "<group>"; };
		61F0E407244EF0A000683643 /* UIGestureRecognizer+JXBlock.h */ = {isa = PBXFileReference; lastKnownFileType = sourcecode.c.h; path = "UIGestureRecognizer+JXBlock.h"; sourceTree = "<group>"; };
		61F0E408244EF0A000683643 /* UIGestureRecognizer+JXBlock.m */ = {isa = PBXFileReference; lastKnownFileType = sourcecode.c.objc; path = "UIGestureRecognizer+JXBlock.m"; sourceTree = "<group>"; };
		61F0E40B24503BFC00683643 /* UIScrollView+JXGeneral.h */ = {isa = PBXFileReference; lastKnownFileType = sourcecode.c.h; path = "UIScrollView+JXGeneral.h"; sourceTree = "<group>"; };
		61F0E40C24503BFC00683643 /* UIScrollView+JXGeneral.m */ = {isa = PBXFileReference; lastKnownFileType = sourcecode.c.objc; path = "UIScrollView+JXGeneral.m"; sourceTree = "<group>"; };
		61F0E40F24503D3600683643 /* UITableView+JXGeneral.h */ = {isa = PBXFileReference; lastKnownFileType = sourcecode.c.h; path = "UITableView+JXGeneral.h"; sourceTree = "<group>"; };
		61F0E41024503D3600683643 /* UITableView+JXGeneral.m */ = {isa = PBXFileReference; lastKnownFileType = sourcecode.c.objc; path = "UITableView+JXGeneral.m"; sourceTree = "<group>"; };
/* End PBXFileReference section */

/* Begin PBXFrameworksBuildPhase section */
		617A33842427B4F20098EF1A /* Frameworks */ = {
			isa = PBXFrameworksBuildPhase;
			buildActionMask = 2147483647;
			files = (
				613FCBE824290CBF004ACC9D /* Accelerate.framework in Frameworks */,
				613FCBAC2428E57D004ACC9D /* CoreLocation.framework in Frameworks */,
				613FCBAA2428E56F004ACC9D /* UIKit.framework in Frameworks */,
			);
			runOnlyForDeploymentPostprocessing = 0;
		};
/* End PBXFrameworksBuildPhase section */

/* Begin PBXGroup section */
		613FCB9E2428DD8F004ACC9D /* CoreLocation */ = {
			isa = PBXGroup;
			children = (
				613FCBA02428DDCB004ACC9D /* CLLocation+JXConverter.h */,
				613FCBA12428DDCB004ACC9D /* CLLocation+JXConverter.m */,
				613FCBA22428DDCB004ACC9D /* CLLocation+JXCalculation.h */,
				613FCB9F2428DDCB004ACC9D /* CLLocation+JXCalculation.m */,
			);
			path = CoreLocation;
			sourceTree = "<group>";
		};
		613FCBA82428E56F004ACC9D /* Frameworks */ = {
			isa = PBXGroup;
			children = (
				613FCBE724290CBF004ACC9D /* Accelerate.framework */,
				613FCBAB2428E57D004ACC9D /* CoreLocation.framework */,
				613FCBA92428E56F004ACC9D /* UIKit.framework */,
			);
			name = Frameworks;
			sourceTree = "<group>";
		};
		613FCBB02428F2A7004ACC9D /* QuartzCore */ = {
			isa = PBXGroup;
			children = (
				613FCBB12428F2BD004ACC9D /* CALayer+JXAnimation.h */,
				613FCBB22428F2BD004ACC9D /* CALayer+JXAnimation.m */,
			);
			path = QuartzCore;
			sourceTree = "<group>";
		};
		613FCBB42428F2D1004ACC9D /* UIKit */ = {
			isa = PBXGroup;
			children = (
				61F0E40E24503D1E00683643 /* UITableView */,
				61F0E40A24503BD300683643 /* UIScrollView */,
				61F0E406244EF05E00683643 /* UIGestureRecognizer */,
				61F0E402244ED17F00683643 /* UIControl */,
				613FCC1424291524004ACC9D /* UIWindow */,
				613FCC0A242914EE004ACC9D /* UIViewController */,
				613FCBFD24291494004ACC9D /* UIView */,
				613FCBF024291235004ACC9D /* UITextField */,
				613FCBE924291217004ACC9D /* UITableViewCell */,
				613FCBD724290C40004ACC9D /* UIImage */,
				613FCBD32428FF7A004ACC9D /* UIDevice */,
				613FCBC12428F4A0004ACC9D /* UIColor */,
				613FCBBD2428F46B004ACC9D /* UIButton */,
				613FCBB92428F3A5004ACC9D /* UITabBarController */,
				613FCBB52428F35E004ACC9D /* UIApplication */,
			);
			path = UIKit;
			sourceTree = "<group>";
		};
		613FCBB52428F35E004ACC9D /* UIApplication */ = {
			isa = PBXGroup;
			children = (
				613FCBB72428F373004ACC9D /* UIApplication+JXNotification.h */,
				613FCBB62428F373004ACC9D /* UIApplication+JXNotification.m */,
			);
			path = UIApplication;
			sourceTree = "<group>";
		};
		613FCBB92428F3A5004ACC9D /* UITabBarController */ = {
			isa = PBXGroup;
			children = (
				613FCC1A24291679004ACC9D /* UINavigationController+JXGeneral.h */,
				613FCC1B24291679004ACC9D /* UINavigationController+JXGeneral.m */,
				613FCC1C24291679004ACC9D /* UITabBarController+JXGeneral.h */,
				613FCC1824291679004ACC9D /* UITabBarController+JXGeneral.m */,
				613FCBBB2428F3AD004ACC9D /* UITabBarController+JXAnimation.h */,
				613FCBBA2428F3AD004ACC9D /* UITabBarController+JXAnimation.m */,
			);
			path = UITabBarController;
			sourceTree = "<group>";
		};
		613FCBBD2428F46B004ACC9D /* UIButton */ = {
			isa = PBXGroup;
			children = (
				6163676D242C6CD3009BC274 /* UIButton+JXGeneral.h */,
				6163676C242C6CD3009BC274 /* UIButton+JXGeneral.m */,
				613FCBBE2428F47E004ACC9D /* UIButton+JXShow.h */,
				613FCBBF2428F47E004ACC9D /* UIButton+JXShow.m */,
			);
			path = UIButton;
			sourceTree = "<group>";
		};
		613FCBC12428F4A0004ACC9D /* UIColor */ = {
			isa = PBXGroup;
			children = (
				613FCBC32428F4AD004ACC9D /* UIColor+JXGeneral.h */,
				613FCBC22428F4AD004ACC9D /* UIColor+JXGeneral.m */,
				61F0E3FF244EC0A700683643 /* UIColor+JXSpaceComponent.h */,
				61F0E400244EC0A700683643 /* UIColor+JXSpaceComponent.m */,
			);
			path = UIColor;
			sourceTree = "<group>";
		};
		613FCBD32428FF7A004ACC9D /* UIDevice */ = {
			isa = PBXGroup;
			children = (
				613FCBD52428FF89004ACC9D /* UIDevice+JXGeneral.h */,
				613FCBD42428FF89004ACC9D /* UIDevice+JXGeneral.m */,
			);
			path = UIDevice;
			sourceTree = "<group>";
		};
		613FCBD724290C40004ACC9D /* UIImage */ = {
			isa = PBXGroup;
			children = (
				613FCBDA24290C56004ACC9D /* UIImage+JXClip.h */,
				613FCBD924290C55004ACC9D /* UIImage+JXClip.m */,
				613FCBDB24290C56004ACC9D /* UIImage+JXEffect.h */,
				613FCBE124290C56004ACC9D /* UIImage+JXEffect.m */,
				613FCBDE24290C56004ACC9D /* UIImage+JXGeneral.h */,
				613FCBE024290C56004ACC9D /* UIImage+JXGeneral.m */,
				613FCBDC24290C56004ACC9D /* UIImage+JXGenerate.h */,
				613FCBDF24290C56004ACC9D /* UIImage+JXGenerate.m */,
				613FCBD824290C55004ACC9D /* UIImage+QRCode.h */,
				613FCBDD24290C56004ACC9D /* UIImage+QRCode.m */,
			);
			path = UIImage;
			sourceTree = "<group>";
		};
		613FCBE924291217004ACC9D /* UITableViewCell */ = {
			isa = PBXGroup;
			children = (
				613FCBF524291311004ACC9D /* UITableViewCell+JXAnimation.h */,
				613FCBF724291311004ACC9D /* UITableViewCell+JXAnimation.m */,
				613FCBF624291311004ACC9D /* UITableViewCell+JXGeneral.h */,
				613FCBF424291311004ACC9D /* UITableViewCell+JXGeneral.m */,
			);
			path = UITableViewCell;
			sourceTree = "<group>";
		};
		613FCBF024291235004ACC9D /* UITextField */ = {
			isa = PBXGroup;
			children = (
				613FCBFB24291325004ACC9D /* UITextField+JXGeneral.h */,
				613FCBFA24291325004ACC9D /* UITextField+JXGeneral.m */,
			);
			path = UITextField;
			sourceTree = "<group>";
		};
		613FCBFD24291494004ACC9D /* UIView */ = {
			isa = PBXGroup;
			children = (
				613FCC032429149F004ACC9D /* UIView+JXDraw.h */,
				613FCBFF2429149F004ACC9D /* UIView+JXDraw.m */,
				613FCC012429149F004ACC9D /* UIView+JXFrame.h */,
				613FCBFE2429149F004ACC9D /* UIView+JXFrame.m */,
				613FCC022429149F004ACC9D /* UIView+JXGeneral.h */,
				613FCC042429149F004ACC9D /* UIView+JXGeneral.m */,
				613FCC002429149F004ACC9D /* UIView+JXGesture.h */,
				613FCC052429149F004ACC9D /* UIView+JXGesture.m */,
			);
			path = UIView;
			sourceTree = "<group>";
		};
		613FCC0A242914EE004ACC9D /* UIViewController */ = {
			isa = PBXGroup;
			children = (
				613FCC2124291787004ACC9D /* UIViewController+JXAlert.h */,
				613FCC2224291787004ACC9D /* UIViewController+JXAlert.m */,
				613FCC1924291679004ACC9D /* UIViewController+JXGeneral.h */,
				613FCC1D2429167A004ACC9D /* UIViewController+JXGeneral.m */,
			);
			path = UIViewController;
			sourceTree = "<group>";
		};
		613FCC1424291524004ACC9D /* UIWindow */ = {
			isa = PBXGroup;
			children = (
				613FCC15242915FD004ACC9D /* UIWindow+JXGeneral.h */,
				613FCC16242915FD004ACC9D /* UIWindow+JXGeneral.m */,
			);
			path = UIWindow;
			sourceTree = "<group>";
		};
		613FCC27242A1CB7004ACC9D /* Foundation */ = {
			isa = PBXGroup;
			children = (
				61F0E3EC24498F5D00683643 /* NSNotificationCenter */,
				61510EDE24446B7800E55EB7 /* NSData */,
				61510EBF244045DD00E55EB7 /* NSFileManager */,
				61636773242C7A80009BC274 /* NSDate */,
				613FCC66242A4C87004ACC9D /* NSTimer */,
				613FCC62242A4B24004ACC9D /* NSObject */,
				613FCC5E242A4B11004ACC9D /* NSNull */,
				613FCC3E242A4A67004ACC9D /* NSString */,
				613FCC3A242A2D8C004ACC9D /* NSDictionary */,
				613FCC36242A2904004ACC9D /* NSError */,
				613FCC2F242A2127004ACC9D /* NSBundle */,
				613FCC28242A1EFC004ACC9D /* NSArray */,
			);
			path = Foundation;
			sourceTree = "<group>";
		};
		613FCC28242A1EFC004ACC9D /* NSArray */ = {
			isa = PBXGroup;
			children = (
				616367E1242F2276009BC274 /* NSArray+JXSafe.h */,
				616367E0242F2276009BC274 /* NSArray+JXSafe.m */,
				616367DF242F2276009BC274 /* NSMutableArray+JXSafe.h */,
				616367E2242F2276009BC274 /* NSMutableArray+JXSafe.m */,
				61510ED824445D8A00E55EB7 /* NSArray+JXGeneral.h */,
				61510ED924445D8A00E55EB7 /* NSArray+JXGeneral.m */,
				61510EDB244467E300E55EB7 /* NSMutableArray+JXGeneral.h */,
				61510EDC244467E300E55EB7 /* NSMutableArray+JXGeneral.m */,
			);
			path = NSArray;
			sourceTree = "<group>";
		};
		613FCC2F242A2127004ACC9D /* NSBundle */ = {
			isa = PBXGroup;
			children = (
				613FCC32242A2137004ACC9D /* NSBundle+JXGeneral.h */,
				613FCC30242A2137004ACC9D /* NSBundle+JXGeneral.m */,
				613FCC33242A2137004ACC9D /* NSBundle+JXPod.h */,
				613FCC31242A2137004ACC9D /* NSBundle+JXPod.m */,
			);
			path = NSBundle;
			sourceTree = "<group>";
		};
		613FCC36242A2904004ACC9D /* NSError */ = {
			isa = PBXGroup;
			children = (
				613FCC37242A29A5004ACC9D /* NSError+JXGeneral.h */,
				613FCC38242A29A5004ACC9D /* NSError+JXGeneral.m */,
			);
			path = NSError;
			sourceTree = "<group>";
		};
		613FCC3A242A2D8C004ACC9D /* NSDictionary */ = {
			isa = PBXGroup;
			children = (
				616367E5242F2298009BC274 /* NSMutableDictionary+JXSafe.h */,
				616367E6242F2298009BC274 /* NSMutableDictionary+JXSafe.m */,
				613FCC3B242A2D9F004ACC9D /* NSDictionary+JXSafe.h */,
				613FCC3C242A2D9F004ACC9D /* NSDictionary+JXSafe.m */,
				61F0E3E624497D1D00683643 /* NSDictionary+JXGeneral.h */,
				61F0E3E724497D1D00683643 /* NSDictionary+JXGeneral.m */,
				61F0E3E924498BA600683643 /* NSMutableDictionary+JXGeneral.h */,
				61F0E3EA24498BA600683643 /* NSMutableDictionary+JXGeneral.m */,
			);
			path = NSDictionary;
			sourceTree = "<group>";
		};
		613FCC3E242A4A67004ACC9D /* NSString */ = {
			isa = PBXGroup;
			children = (
				616367E9242F22BA009BC274 /* NSMutableString+JXSafe.h */,
				616367E8242F22BA009BC274 /* NSMutableString+JXSafe.m */,
				616367EA242F22BA009BC274 /* NSString+JXSafe.h */,
				616367EB242F22BA009BC274 /* NSString+JXSafe.m */,
				613FCC3F242A4A76004ACC9D /* NSString+JXAttribute.h */,
				613FCC40242A4A76004ACC9D /* NSString+JXAttribute.m */,
				613FCC43242A4A86004ACC9D /* NSString+JXVerification.h */,
				613FCC42242A4A86004ACC9D /* NSString+JXVerification.m */,
				613FCC45242A4A8F004ACC9D /* NSString+JXSize.h */,
				613FCC46242A4A8F004ACC9D /* NSString+JXSize.m */,
				613FCC49242A4A9D004ACC9D /* NSString+JXFormat.h */,
				613FCC48242A4A9D004ACC9D /* NSString+JXFormat.m */,
				613FCC4B242A4AB8004ACC9D /* NSString+JXGeneral.h */,
				613FCC4C242A4AB8004ACC9D /* NSString+JXGeneral.m */,
				613FCC4E242A4AD2004ACC9D /* NSMutableAttributedString+JXGeneral.h */,
				613FCC4F242A4AD2004ACC9D /* NSMutableAttributedString+JXGeneral.m */,
				613FCC52242A4ADE004ACC9D /* NSString+Encrypt.h */,
				613FCC51242A4ADE004ACC9D /* NSString+Encrypt.m */,
			);
			path = NSString;
			sourceTree = "<group>";
		};
		613FCC5E242A4B11004ACC9D /* NSNull */ = {
			isa = PBXGroup;
			children = (
				613FCC60242A4B1C004ACC9D /* NSNull+JXSafe.h */,
				613FCC5F242A4B1B004ACC9D /* NSNull+JXSafe.m */,
			);
			path = NSNull;
			sourceTree = "<group>";
		};
		613FCC62242A4B24004ACC9D /* NSObject */ = {
			isa = PBXGroup;
			children = (
				613FCC63242A4B2D004ACC9D /* NSObject+JXRuntime.h */,
				613FCC64242A4B2D004ACC9D /* NSObject+JXRuntime.m */,
				61F0E3F024499D6000683643 /* NSObject+JXKVO.h */,
				61F0E3F124499D6000683643 /* NSObject+JXKVO.m */,
			);
			path = NSObject;
			sourceTree = "<group>";
		};
		613FCC66242A4C87004ACC9D /* NSTimer */ = {
			isa = PBXGroup;
			children = (
				613FCC67242A4C99004ACC9D /* NSTimer+JXGeneral.h */,
				613FCC68242A4C99004ACC9D /* NSTimer+JXGeneral.m */,
			);
			path = NSTimer;
			sourceTree = "<group>";
		};
		61510EBF244045DD00E55EB7 /* NSFileManager */ = {
			isa = PBXGroup;
			children = (
				61510EC5244045EB00E55EB7 /* NSFileManager+JXData.h */,
				61510EC1244045EB00E55EB7 /* NSFileManager+JXData.m */,
				61510EC4244045EB00E55EB7 /* NSFileManager+JXFilePath.h */,
				61510EC3244045EB00E55EB7 /* NSFileManager+JXFilePath.m */,
				61510EC2244045EB00E55EB7 /* NSFileManager+JXVerification.h */,
				61510EC0244045EB00E55EB7 /* NSFileManager+JXVerification.m */,
			);
			path = NSFileManager;
			sourceTree = "<group>";
		};
		61510EDE24446B7800E55EB7 /* NSData */ = {
			isa = PBXGroup;
			children = (
				61510EDF24446C4F00E55EB7 /* NSData+JXEncrypt.h */,
				61510EE024446C4F00E55EB7 /* NSData+JXEncrypt.m */,
				61510EE2244551BB00E55EB7 /* NSData+JXGeneral.h */,
				61510EE3244551BB00E55EB7 /* NSData+JXGeneral.m */,
			);
			path = NSData;
			sourceTree = "<group>";
		};
		61636773242C7A80009BC274 /* NSDate */ = {
			isa = PBXGroup;
			children = (
				61636774242C7A8F009BC274 /* NSDate+JXConversion.h */,
				61636776242C7A8F009BC274 /* NSDate+JXConversion.m */,
				61636775242C7A8F009BC274 /* NSDate+JXGeneral.h */,
				61636777242C7A8F009BC274 /* NSDate+JXGeneral.m */,
				61636778242C7A8F009BC274 /* NSDate+JXVertification.h */,
				61636779242C7A8F009BC274 /* NSDate+JXVertification.m */,
				61510EBC2440455100E55EB7 /* NSDateFormatter+JXConversion.h */,
				61510EBD2440455100E55EB7 /* NSDateFormatter+JXConversion.m */,
			);
			path = NSDate;
			sourceTree = "<group>";
		};
		617A337E2427B4F20098EF1A = {
			isa = PBXGroup;
			children = (
				613FCC6A242A54E7004ACC9D /* README.md */,
				613FCBA52428DE57004ACC9D /* JXCategoryKit.podspec */,
				617A33892427B4F20098EF1A /* JXCategoryKit */,
				617A33882427B4F20098EF1A /* Products */,
				613FCBA82428E56F004ACC9D /* Frameworks */,
			);
			sourceTree = "<group>";
		};
		617A33882427B4F20098EF1A /* Products */ = {
			isa = PBXGroup;
			children = (
				617A33872427B4F20098EF1A /* JXCategoryKit.app */,
			);
			name = Products;
			sourceTree = "<group>";
		};
		617A33892427B4F20098EF1A /* JXCategoryKit */ = {
			isa = PBXGroup;
			children = (
				613FCB9E2428DD8F004ACC9D /* CoreLocation */,
				613FCBB02428F2A7004ACC9D /* QuartzCore */,
				613FCBB42428F2D1004ACC9D /* UIKit */,
				613FCC27242A1CB7004ACC9D /* Foundation */,
				613FCBA72428DFD5004ACC9D /* JXCategoryKit.h */,
				617A338A2427B4F20098EF1A /* AppDelegate.h */,
				617A338B2427B4F20098EF1A /* AppDelegate.m */,
				617A338D2427B4F20098EF1A /* SceneDelegate.h */,
				617A338E2427B4F20098EF1A /* SceneDelegate.m */,
				617A33902427B4F20098EF1A /* ViewController.h */,
				617A33912427B4F20098EF1A /* ViewController.m */,
				617A33932427B4F20098EF1A /* Main.storyboard */,
				617A33962427B4F30098EF1A /* Assets.xcassets */,
				617A33982427B4F30098EF1A /* LaunchScreen.storyboard */,
				617A339B2427B4F30098EF1A /* Info.plist */,
				617A339C2427B4F30098EF1A /* main.m */,
			);
			path = JXCategoryKit;
			sourceTree = "<group>";
		};
		61F0E3EC24498F5D00683643 /* NSNotificationCenter */ = {
			isa = PBXGroup;
			children = (
				61F0E3ED24498FA400683643 /* NSNotificationCenter+JXGeneral.h */,
				61F0E3EE24498FA400683643 /* NSNotificationCenter+JXGeneral.m */,
			);
			path = NSNotificationCenter;
			sourceTree = "<group>";
		};
		61F0E402244ED17F00683643 /* UIControl */ = {
			isa = PBXGroup;
			children = (
				61F0E403244ED1AC00683643 /* UIControl+JXEvents.h */,
				61F0E404244ED1AC00683643 /* UIControl+JXEvents.m */,
			);
			path = UIControl;
			sourceTree = "<group>";
		};
		61F0E406244EF05E00683643 /* UIGestureRecognizer */ = {
			isa = PBXGroup;
			children = (
				61F0E407244EF0A000683643 /* UIGestureRecognizer+JXBlock.h */,
				61F0E408244EF0A000683643 /* UIGestureRecognizer+JXBlock.m */,
			);
			path = UIGestureRecognizer;
			sourceTree = "<group>";
		};
		61F0E40A24503BD300683643 /* UIScrollView */ = {
			isa = PBXGroup;
			children = (
				61F0E40B24503BFC00683643 /* UIScrollView+JXGeneral.h */,
				61F0E40C24503BFC00683643 /* UIScrollView+JXGeneral.m */,
			);
			path = UIScrollView;
			sourceTree = "<group>";
		};
		61F0E40E24503D1E00683643 /* UITableView */ = {
			isa = PBXGroup;
			children = (
				61F0E40F24503D3600683643 /* UITableView+JXGeneral.h */,
				61F0E41024503D3600683643 /* UITableView+JXGeneral.m */,
			);
			path = UITableView;
			sourceTree = "<group>";
		};
/* End PBXGroup section */

/* Begin PBXNativeTarget section */
		617A33862427B4F20098EF1A /* JXCategoryKit */ = {
			isa = PBXNativeTarget;
			buildConfigurationList = 617A33A02427B4F30098EF1A /* Build configuration list for PBXNativeTarget "JXCategoryKit" */;
			buildPhases = (
				617A33832427B4F20098EF1A /* Sources */,
				617A33842427B4F20098EF1A /* Frameworks */,
				617A33852427B4F20098EF1A /* Resources */,
			);
			buildRules = (
			);
			dependencies = (
			);
			name = JXCategoryKit;
			productName = JXCategoryKit;
			productReference = 617A33872427B4F20098EF1A /* JXCategoryKit.app */;
			productType = "com.apple.product-type.application";
		};
/* End PBXNativeTarget section */

/* Begin PBXProject section */
		617A337F2427B4F20098EF1A /* Project object */ = {
			isa = PBXProject;
			attributes = {
				LastUpgradeCheck = 1130;
				ORGANIZATIONNAME = Barnett;
				TargetAttributes = {
					617A33862427B4F20098EF1A = {
						CreatedOnToolsVersion = 11.3.1;
					};
				};
			};
			buildConfigurationList = 617A33822427B4F20098EF1A /* Build configuration list for PBXProject "JXCategoryKit" */;
			compatibilityVersion = "Xcode 9.3";
			developmentRegion = en;
			hasScannedForEncodings = 0;
			knownRegions = (
				en,
				Base,
			);
			mainGroup = 617A337E2427B4F20098EF1A;
			productRefGroup = 617A33882427B4F20098EF1A /* Products */;
			projectDirPath = "";
			projectRoot = "";
			targets = (
				617A33862427B4F20098EF1A /* JXCategoryKit */,
			);
		};
/* End PBXProject section */

/* Begin PBXResourcesBuildPhase section */
		617A33852427B4F20098EF1A /* Resources */ = {
			isa = PBXResourcesBuildPhase;
			buildActionMask = 2147483647;
			files = (
				617A339A2427B4F30098EF1A /* LaunchScreen.storyboard in Resources */,
				613FCBA62428DE57004ACC9D /* JXCategoryKit.podspec in Resources */,
				613FCC6B242A54E7004ACC9D /* README.md in Resources */,
				617A33972427B4F30098EF1A /* Assets.xcassets in Resources */,
				617A33952427B4F20098EF1A /* Main.storyboard in Resources */,
			);
			runOnlyForDeploymentPostprocessing = 0;
		};
/* End PBXResourcesBuildPhase section */

/* Begin PBXSourcesBuildPhase section */
		617A33832427B4F20098EF1A /* Sources */ = {
			isa = PBXSourcesBuildPhase;
			buildActionMask = 2147483647;
			files = (
				613FCBFC24291325004ACC9D /* UITextField+JXGeneral.m in Sources */,
				613FCBE624290C56004ACC9D /* UIImage+JXEffect.m in Sources */,
				617A33922427B4F20098EF1A /* ViewController.m in Sources */,
				61510EDA24445D8A00E55EB7 /* NSArray+JXGeneral.m in Sources */,
				613FCC202429167A004ACC9D /* UIViewController+JXGeneral.m in Sources */,
				613FCBBC2428F3AD004ACC9D /* UITabBarController+JXAnimation.m in Sources */,
				613FCC65242A4B2D004ACC9D /* NSObject+JXRuntime.m in Sources */,
				613FCC44242A4A86004ACC9D /* NSString+JXVerification.m in Sources */,
				61F0E401244EC0A700683643 /* UIColor+JXSpaceComponent.m in Sources */,
				61510EDD244467E300E55EB7 /* NSMutableArray+JXGeneral.m in Sources */,
				613FCBB32428F2BD004ACC9D /* CALayer+JXAnimation.m in Sources */,
				613FCC17242915FD004ACC9D /* UIWindow+JXGeneral.m in Sources */,
				61F0E405244ED1AC00683643 /* UIControl+JXEvents.m in Sources */,
				617A338C2427B4F20098EF1A /* AppDelegate.m in Sources */,
				616367E7242F2298009BC274 /* NSMutableDictionary+JXSafe.m in Sources */,
				613FCC61242A4B1C004ACC9D /* NSNull+JXSafe.m in Sources */,
				616367ED242F22BA009BC274 /* NSString+JXSafe.m in Sources */,
				61510EE4244551BB00E55EB7 /* NSData+JXGeneral.m in Sources */,
				616367E3242F2276009BC274 /* NSArray+JXSafe.m in Sources */,
				613FCC47242A4A8F004ACC9D /* NSString+JXSize.m in Sources */,
				61F0E3EF24498FA400683643 /* NSNotificationCenter+JXGeneral.m in Sources */,
				613FCBA42428DDCB004ACC9D /* CLLocation+JXConverter.m in Sources */,
				61F0E40D24503BFC00683643 /* UIScrollView+JXGeneral.m in Sources */,
				617A339D2427B4F30098EF1A /* main.m in Sources */,
				61F0E41124503D3600683643 /* UITableView+JXGeneral.m in Sources */,
				6163676E242C6CD4009BC274 /* UIButton+JXGeneral.m in Sources */,
				613FCC4A242A4A9D004ACC9D /* NSString+JXFormat.m in Sources */,
				61510EC8244045EB00E55EB7 /* NSFileManager+JXFilePath.m in Sources */,
				613FCBC02428F47E004ACC9D /* UIButton+JXShow.m in Sources */,
				617A338F2427B4F20098EF1A /* SceneDelegate.m in Sources */,
				613FCC092429149F004ACC9D /* UIView+JXGesture.m in Sources */,
				613FCC1F2429167A004ACC9D /* UINavigationController+JXGeneral.m in Sources */,
				613FCBA32428DDCB004ACC9D /* CLLocation+JXCalculation.m in Sources */,
				613FCC2324291787004ACC9D /* UIViewController+JXAlert.m in Sources */,
				613FCBD62428FF89004ACC9D /* UIDevice+JXGeneral.m in Sources */,
				613FCC41242A4A76004ACC9D /* NSString+JXAttribute.m in Sources */,
				61F0E3F224499D6000683643 /* NSObject+JXKVO.m in Sources */,
				613FCC1E2429167A004ACC9D /* UITabBarController+JXGeneral.m in Sources */,
				613FCC35242A2137004ACC9D /* NSBundle+JXPod.m in Sources */,
				61510EBE2440455100E55EB7 /* NSDateFormatter+JXConversion.m in Sources */,
				613FCBE524290C56004ACC9D /* UIImage+JXGeneral.m in Sources */,
				6163677C242C7A8F009BC274 /* NSDate+JXVertification.m in Sources */,
				613FCBB82428F373004ACC9D /* UIApplication+JXNotification.m in Sources */,
				61F0E409244EF0A000683643 /* UIGestureRecognizer+JXBlock.m in Sources */,
				61510EC6244045EB00E55EB7 /* NSFileManager+JXVerification.m in Sources */,
				613FCC34242A2137004ACC9D /* NSBundle+JXGeneral.m in Sources */,
				613FCC53242A4ADE004ACC9D /* NSString+Encrypt.m in Sources */,
				613FCBE424290C56004ACC9D /* UIImage+JXGenerate.m in Sources */,
				61F0E3E824497D1D00683643 /* NSDictionary+JXGeneral.m in Sources */,
				6163677A242C7A8F009BC274 /* NSDate+JXConversion.m in Sources */,
				616367E4242F2276009BC274 /* NSMutableArray+JXSafe.m in Sources */,
				61F0E3EB24498BA600683643 /* NSMutableDictionary+JXGeneral.m in Sources */,
				613FCC062429149F004ACC9D /* UIView+JXFrame.m in Sources */,
				613FCBE324290C56004ACC9D /* UIImage+QRCode.m in Sources */,
				613FCC50242A4AD2004ACC9D /* NSMutableAttributedString+JXGeneral.m in Sources */,
				613FCBF824291311004ACC9D /* UITableViewCell+JXGeneral.m in Sources */,
				61510EE124446C4F00E55EB7 /* NSData+JXEncrypt.m in Sources */,
				61510EC7244045EB00E55EB7 /* NSFileManager+JXData.m in Sources */,
				613FCC39242A29A5004ACC9D /* NSError+JXGeneral.m in Sources */,
				613FCBC42428F4AD004ACC9D /* UIColor+JXGeneral.m in Sources */,
				613FCC4D242A4AB8004ACC9D /* NSString+JXGeneral.m in Sources */,
				613FCC082429149F004ACC9D /* UIView+JXGeneral.m in Sources */,
				6163677B242C7A8F009BC274 /* NSDate+JXGeneral.m in Sources */,
				613FCBF924291311004ACC9D /* UITableViewCell+JXAnimation.m in Sources */,
				613FCC69242A4C99004ACC9D /* NSTimer+JXGeneral.m in Sources */,
				616367EC242F22BA009BC274 /* NSMutableString+JXSafe.m in Sources */,
				613FCC3D242A2D9F004ACC9D /* NSDictionary+JXSafe.m in Sources */,
				613FCC072429149F004ACC9D /* UIView+JXDraw.m in Sources */,
				613FCBE224290C56004ACC9D /* UIImage+JXClip.m in Sources */,
			);
			runOnlyForDeploymentPostprocessing = 0;
		};
/* End PBXSourcesBuildPhase section */

/* Begin PBXVariantGroup section */
		617A33932427B4F20098EF1A /* Main.storyboard */ = {
			isa = PBXVariantGroup;
			children = (
				617A33942427B4F20098EF1A /* Base */,
			);
			name = Main.storyboard;
			sourceTree = "<group>";
		};
		617A33982427B4F30098EF1A /* LaunchScreen.storyboard */ = {
			isa = PBXVariantGroup;
			children = (
				617A33992427B4F30098EF1A /* Base */,
			);
			name = LaunchScreen.storyboard;
			sourceTree = "<group>";
		};
/* End PBXVariantGroup section */

/* Begin XCBuildConfiguration section */
		617A339E2427B4F30098EF1A /* Debug */ = {
			isa = XCBuildConfiguration;
			buildSettings = {
				ALWAYS_SEARCH_USER_PATHS = NO;
				CLANG_ANALYZER_NONNULL = YES;
				CLANG_ANALYZER_NUMBER_OBJECT_CONVERSION = YES_AGGRESSIVE;
				CLANG_CXX_LANGUAGE_STANDARD = "gnu++14";
				CLANG_CXX_LIBRARY = "libc++";
				CLANG_ENABLE_MODULES = YES;
				CLANG_ENABLE_OBJC_ARC = YES;
				CLANG_ENABLE_OBJC_WEAK = YES;
				CLANG_WARN_BLOCK_CAPTURE_AUTORELEASING = YES;
				CLANG_WARN_BOOL_CONVERSION = YES;
				CLANG_WARN_COMMA = YES;
				CLANG_WARN_CONSTANT_CONVERSION = YES;
				CLANG_WARN_DEPRECATED_OBJC_IMPLEMENTATIONS = YES;
				CLANG_WARN_DIRECT_OBJC_ISA_USAGE = YES_ERROR;
				CLANG_WARN_DOCUMENTATION_COMMENTS = YES;
				CLANG_WARN_EMPTY_BODY = YES;
				CLANG_WARN_ENUM_CONVERSION = YES;
				CLANG_WARN_INFINITE_RECURSION = YES;
				CLANG_WARN_INT_CONVERSION = YES;
				CLANG_WARN_NON_LITERAL_NULL_CONVERSION = YES;
				CLANG_WARN_OBJC_IMPLICIT_RETAIN_SELF = YES;
				CLANG_WARN_OBJC_LITERAL_CONVERSION = YES;
				CLANG_WARN_OBJC_ROOT_CLASS = YES_ERROR;
				CLANG_WARN_RANGE_LOOP_ANALYSIS = YES;
				CLANG_WARN_STRICT_PROTOTYPES = YES;
				CLANG_WARN_SUSPICIOUS_MOVE = YES;
				CLANG_WARN_UNGUARDED_AVAILABILITY = YES_AGGRESSIVE;
				CLANG_WARN_UNREACHABLE_CODE = YES;
				CLANG_WARN__DUPLICATE_METHOD_MATCH = YES;
				COPY_PHASE_STRIP = NO;
				DEBUG_INFORMATION_FORMAT = dwarf;
				ENABLE_STRICT_OBJC_MSGSEND = YES;
				ENABLE_TESTABILITY = YES;
				GCC_C_LANGUAGE_STANDARD = gnu11;
				GCC_DYNAMIC_NO_PIC = NO;
				GCC_NO_COMMON_BLOCKS = YES;
				GCC_OPTIMIZATION_LEVEL = 0;
				GCC_PREPROCESSOR_DEFINITIONS = (
					"DEBUG=1",
					"$(inherited)",
				);
				GCC_WARN_64_TO_32_BIT_CONVERSION = YES;
				GCC_WARN_ABOUT_RETURN_TYPE = YES_ERROR;
				GCC_WARN_UNDECLARED_SELECTOR = YES;
				GCC_WARN_UNINITIALIZED_AUTOS = YES_AGGRESSIVE;
				GCC_WARN_UNUSED_FUNCTION = YES;
				GCC_WARN_UNUSED_VARIABLE = YES;
				IPHONEOS_DEPLOYMENT_TARGET = 13.2;
				MTL_ENABLE_DEBUG_INFO = INCLUDE_SOURCE;
				MTL_FAST_MATH = YES;
				ONLY_ACTIVE_ARCH = YES;
				SDKROOT = iphoneos;
			};
			name = Debug;
		};
		617A339F2427B4F30098EF1A /* Release */ = {
			isa = XCBuildConfiguration;
			buildSettings = {
				ALWAYS_SEARCH_USER_PATHS = NO;
				CLANG_ANALYZER_NONNULL = YES;
				CLANG_ANALYZER_NUMBER_OBJECT_CONVERSION = YES_AGGRESSIVE;
				CLANG_CXX_LANGUAGE_STANDARD = "gnu++14";
				CLANG_CXX_LIBRARY = "libc++";
				CLANG_ENABLE_MODULES = YES;
				CLANG_ENABLE_OBJC_ARC = YES;
				CLANG_ENABLE_OBJC_WEAK = YES;
				CLANG_WARN_BLOCK_CAPTURE_AUTORELEASING = YES;
				CLANG_WARN_BOOL_CONVERSION = YES;
				CLANG_WARN_COMMA = YES;
				CLANG_WARN_CONSTANT_CONVERSION = YES;
				CLANG_WARN_DEPRECATED_OBJC_IMPLEMENTATIONS = YES;
				CLANG_WARN_DIRECT_OBJC_ISA_USAGE = YES_ERROR;
				CLANG_WARN_DOCUMENTATION_COMMENTS = YES;
				CLANG_WARN_EMPTY_BODY = YES;
				CLANG_WARN_ENUM_CONVERSION = YES;
				CLANG_WARN_INFINITE_RECURSION = YES;
				CLANG_WARN_INT_CONVERSION = YES;
				CLANG_WARN_NON_LITERAL_NULL_CONVERSION = YES;
				CLANG_WARN_OBJC_IMPLICIT_RETAIN_SELF = YES;
				CLANG_WARN_OBJC_LITERAL_CONVERSION = YES;
				CLANG_WARN_OBJC_ROOT_CLASS = YES_ERROR;
				CLANG_WARN_RANGE_LOOP_ANALYSIS = YES;
				CLANG_WARN_STRICT_PROTOTYPES = YES;
				CLANG_WARN_SUSPICIOUS_MOVE = YES;
				CLANG_WARN_UNGUARDED_AVAILABILITY = YES_AGGRESSIVE;
				CLANG_WARN_UNREACHABLE_CODE = YES;
				CLANG_WARN__DUPLICATE_METHOD_MATCH = YES;
				COPY_PHASE_STRIP = NO;
				DEBUG_INFORMATION_FORMAT = "dwarf-with-dsym";
				ENABLE_NS_ASSERTIONS = NO;
				ENABLE_STRICT_OBJC_MSGSEND = YES;
				GCC_C_LANGUAGE_STANDARD = gnu11;
				GCC_NO_COMMON_BLOCKS = YES;
				GCC_WARN_64_TO_32_BIT_CONVERSION = YES;
				GCC_WARN_ABOUT_RETURN_TYPE = YES_ERROR;
				GCC_WARN_UNDECLARED_SELECTOR = YES;
				GCC_WARN_UNINITIALIZED_AUTOS = YES_AGGRESSIVE;
				GCC_WARN_UNUSED_FUNCTION = YES;
				GCC_WARN_UNUSED_VARIABLE = YES;
				IPHONEOS_DEPLOYMENT_TARGET = 13.2;
				MTL_ENABLE_DEBUG_INFO = NO;
				MTL_FAST_MATH = YES;
				SDKROOT = iphoneos;
				VALIDATE_PRODUCT = YES;
			};
			name = Release;
		};
		617A33A12427B4F30098EF1A /* Debug */ = {
			isa = XCBuildConfiguration;
			buildSettings = {
				ASSETCATALOG_COMPILER_APPICON_NAME = AppIcon;
				CODE_SIGN_STYLE = Automatic;
				DEVELOPMENT_TEAM = 9ACE2C9PJG;
				INFOPLIST_FILE = JXCategoryKit/Info.plist;
				IPHONEOS_DEPLOYMENT_TARGET = 9.0;
				LD_RUNPATH_SEARCH_PATHS = (
					"$(inherited)",
					"@executable_path/Frameworks",
				);
				PRODUCT_BUNDLE_IDENTIFIER = com.qwbcg.JXCategoryKit;
				PRODUCT_NAME = "$(TARGET_NAME)";
				TARGETED_DEVICE_FAMILY = 1;
			};
			name = Debug;
		};
		617A33A22427B4F30098EF1A /* Release */ = {
			isa = XCBuildConfiguration;
			buildSettings = {
				ASSETCATALOG_COMPILER_APPICON_NAME = AppIcon;
				CODE_SIGN_STYLE = Automatic;
				DEVELOPMENT_TEAM = 9ACE2C9PJG;
				INFOPLIST_FILE = JXCategoryKit/Info.plist;
				IPHONEOS_DEPLOYMENT_TARGET = 9.0;
				LD_RUNPATH_SEARCH_PATHS = (
					"$(inherited)",
					"@executable_path/Frameworks",
				);
				PRODUCT_BUNDLE_IDENTIFIER = com.qwbcg.JXCategoryKit;
				PRODUCT_NAME = "$(TARGET_NAME)";
				TARGETED_DEVICE_FAMILY = 1;
			};
			name = Release;
		};
/* End XCBuildConfiguration section */

/* Begin XCConfigurationList section */
		617A33822427B4F20098EF1A /* Build configuration list for PBXProject "JXCategoryKit" */ = {
			isa = XCConfigurationList;
			buildConfigurations = (
				617A339E2427B4F30098EF1A /* Debug */,
				617A339F2427B4F30098EF1A /* Release */,
			);
			defaultConfigurationIsVisible = 0;
			defaultConfigurationName = Release;
		};
		617A33A02427B4F30098EF1A /* Build configuration list for PBXNativeTarget "JXCategoryKit" */ = {
			isa = XCConfigurationList;
			buildConfigurations = (
				617A33A12427B4F30098EF1A /* Debug */,
				617A33A22427B4F30098EF1A /* Release */,
			);
			defaultConfigurationIsVisible = 0;
			defaultConfigurationName = Release;
		};
/* End XCConfigurationList section */
	};
	rootObject = 617A337F2427B4F20098EF1A /* Project object */;
}
